
Microsoft Visual Studio Solution File, Format Version 12.00
# Visual Studio 14
VisualStudioVersion = 14.0.25123.0
MinimumVisualStudioVersion = 10.0.40219.1
Project("{FAE04EC0-301F-11D3-BF4B-00C04F79EFBC}") = "MisterJack", "MisterJack\MisterJack.csproj", "{DB11B49B-F819-4EAE-BCBE-60BD2C0D134B}"
EndProject
Project("{FAE04EC0-301F-11D3-BF4B-00C04F79EFBC}") = "MisterJack.UnitTests", "MisterJack.UnitTests\MisterJack.UnitTests.csproj", "{5DDD4C40-BF8D-4DAA-8FBE-0E28ECCEB325}"
EndProject
Project("{FAE04EC0-301F-11D3-BF4B-00C04F79EFBC}") = "MisterJackOO", "MisterJackOO\MisterJackOO.csproj", "{A33F824B-9B7B-456F-A512-8515FB145E9A}"
EndProject
Global
	GlobalSection(SolutionConfigurationPlatforms) = preSolution
		Debug|Any CPU = Debug|Any CPU
		Release|Any CPU = Release|Any CPU
	EndGlobalSection
	GlobalSection(ProjectConfigurationPlatforms) = postSolution
		{DB11B49B-F819-4EAE-BCBE-60BD2C0D134B}.Debug|Any CPU.ActiveCfg = Debug|Any CPU
		{DB11B49B-F819-4EAE-BCBE-60BD2C0D134B}.Debug|Any CPU.Build.0 = Debug|Any CPU
		{DB11B49B-F819-4EAE-BCBE-60BD2C0D134B}.Release|Any CPU.ActiveCfg = Release|Any CPU
		{DB11B49B-F819-4EAE-BCBE-60BD2C0D134B}.Release|Any CPU.Build.0 = Release|Any CPU
		{5DDD4C40-BF8D-4DAA-8FBE-0E28ECCEB325}.Debug|Any CPU.ActiveCfg = Debug|Any CPU
		{5DDD4C40-BF8D-4DAA-8FBE-0E28ECCEB325}.Debug|Any CPU.Build.0 = Debug|Any CPU
		{5DDD4C40-BF8D-4DAA-8FBE-0E28ECCEB325}.Release|Any CPU.ActiveCfg = Release|Any CPU
		{5DDD4C40-BF8D-4DAA-8FBE-0E28ECCEB325}.Release|Any CPU.Build.0 = Release|Any CPU
		{A33F824B-9B7B-456F-A512-8515FB145E9A}.Debug|Any CPU.ActiveCfg = Debug|Any CPU
		{A33F824B-9B7B-456F-A512-8515FB145E9A}.Debug|Any CPU.Build.0 = Debug|Any CPU
		{A33F824B-9B7B-456F-A512-8515FB145E9A}.Release|Any CPU.ActiveCfg = Release|Any CPU
		{A33F824B-9B7B-456F-A512-8515FB145E9A}.Release|Any CPU.Build.0 = Release|Any CPU
	EndGlobalSection
	GlobalSection(SolutionProperties) = preSolution
		HideSolutionNode = FALSE
	EndGlobalSection
EndGlobal
